
Microsoft Visual Studio Solution File, Format Version 12.00
Project("{FAE04EC0-301F-11D3-BF4B-00C04F79EFBC}") = "SimilarWebParser", "SimilarWebParser\SimilarWebParser.csproj", "{442AE240-0300-4464-AF21-5E910BD58ADD}"
EndProject
Project("{FAE04EC0-301F-11D3-BF4B-00C04F79EFBC}") = "SimilarWebParserTests", "SimilarWebParserTests\SimilarWebParserTests.csproj", "{534FA8E7-7BB7-4F8D-9F3C-BE4BDEF9095C}"
EndProject
Project("{FAE04EC0-301F-11D3-BF4B-00C04F79EFBC}") = "SimilarWebParserExample", "SimilarWebParserExample\SimilarWebParserExample.csproj", "{B1F8B20B-E08D-4F14-931E-691AF546F4AB}"
EndProject
Global
	GlobalSection(SolutionConfigurationPlatforms) = preSolution
		Debug|Any CPU = Debug|Any CPU
		Release|Any CPU = Release|Any CPU
	EndGlobalSection
	GlobalSection(ProjectConfigurationPlatforms) = postSolution
		{442AE240-0300-4464-AF21-5E910BD58ADD}.Debug|Any CPU.ActiveCfg = Debug|Any CPU
		{442AE240-0300-4464-AF21-5E910BD58ADD}.Debug|Any CPU.Build.0 = Debug|Any CPU
		{442AE240-0300-4464-AF21-5E910BD58ADD}.Release|Any CPU.ActiveCfg = Release|Any CPU
		{442AE240-0300-4464-AF21-5E910BD58ADD}.Release|Any CPU.Build.0 = Release|Any CPU
		{534FA8E7-7BB7-4F8D-9F3C-BE4BDEF9095C}.Debug|Any CPU.ActiveCfg = Debug|Any CPU
		{534FA8E7-7BB7-4F8D-9F3C-BE4BDEF9095C}.Debug|Any CPU.Build.0 = Debug|Any CPU
		{534FA8E7-7BB7-4F8D-9F3C-BE4BDEF9095C}.Release|Any CPU.ActiveCfg = Release|Any CPU
		{534FA8E7-7BB7-4F8D-9F3C-BE4BDEF9095C}.Release|Any CPU.Build.0 = Release|Any CPU
		{B1F8B20B-E08D-4F14-931E-691AF546F4AB}.Debug|Any CPU.ActiveCfg = Debug|Any CPU
		{B1F8B20B-E08D-4F14-931E-691AF546F4AB}.Debug|Any CPU.Build.0 = Debug|Any CPU
		{B1F8B20B-E08D-4F14-931E-691AF546F4AB}.Release|Any CPU.ActiveCfg = Release|Any CPU
		{B1F8B20B-E08D-4F14-931E-691AF546F4AB}.Release|Any CPU.Build.0 = Release|Any CPU
	EndGlobalSection
EndGlobal
